
Microsoft Visual Studio Solution File, Format Version 12.00
# Visual Studio Version 16
VisualStudioVersion = 16.0.30114.105
MinimumVisualStudioVersion = 10.0.40219.1
Project("{8BC9CEB8-8B4A-11D0-8D11-00A0C91BC942}") = "05_001", "05_001.vcxproj", "{1214ABB2-FCBE-4108-8BF4-E80CCC3A3F37}"
EndProject
Global
	GlobalSection(SolutionConfigurationPlatforms) = preSolution
		Debug|x64 = Debug|x64
		Debug|x86 = Debug|x86
		Release|x64 = Release|x64
		Release|x86 = Release|x86
	EndGlobalSection
	GlobalSection(ProjectConfigurationPlatforms) = postSolution
		{1214ABB2-FCBE-4108-8BF4-E80CCC3A3F37}.Debug|x64.ActiveCfg = Debug|x64
		{1214ABB2-FCBE-4108-8BF4-E80CCC3A3F37}.Debug|x64.Build.0 = Debug|x64
		{1214ABB2-FCBE-4108-8BF4-E80CCC3A3F37}.Debug|x86.ActiveCfg = Debug|Win32
		{1214ABB2-FCBE-4108-8BF4-E80CCC3A3F37}.Debug|x86.Build.0 = Debug|Win32
		{1214ABB2-FCBE-4108-8BF4-E80CCC3A3F37}.Release|x64.ActiveCfg = Release|x64
		{1214ABB2-FCBE-4108-8BF4-E80CCC3A3F37}.Release|x64.Build.0 = Release|x64
		{1214ABB2-FCBE-4108-8BF4-E80CCC3A3F37}.Release|x86.ActiveCfg = Release|Win32
		{1214ABB2-FCBE-4108-8BF4-E80CCC3A3F37}.Release|x86.Build.0 = Release|Win32
	EndGlobalSection
	GlobalSection(SolutionProperties) = preSolution
		HideSolutionNode = FALSE
	EndGlobalSection
	GlobalSection(ExtensibilityGlobals) = postSolution
		SolutionGuid = {EA40234C-4DF9-445D-8F6F-AF7CFC0543CA}
	EndGlobalSection
EndGlobal
